// !$*UTF8*$!
{
	archiveVersion = 1;
	classes = {
	};
	objectVersion = 51;
	objects = {

/* Begin PBXBuildFile section */
		371EC29D26236D5F00EF9A58 /* MapsVC.swift in Sources */ = {isa = PBXBuildFile; fileRef = 371EC29C26236D5F00EF9A58 /* MapsVC.swift */; };
		3CB00B4225F2B51C002BB2A1 /* AppDelegate.swift in Sources */ = {isa = PBXBuildFile; fileRef = 3CB00B4125F2B51C002BB2A1 /* AppDelegate.swift */; };
		3CB00B4425F2B51C002BB2A1 /* SceneDelegate.swift in Sources */ = {isa = PBXBuildFile; fileRef = 3CB00B4325F2B51C002BB2A1 /* SceneDelegate.swift */; };
		3CB00B4925F2B51C002BB2A1 /* Main.storyboard in Resources */ = {isa = PBXBuildFile; fileRef = 3CB00B4725F2B51C002BB2A1 /* Main.storyboard */; };
		3CB00B4B25F2B51D002BB2A1 /* Assets.xcassets in Resources */ = {isa = PBXBuildFile; fileRef = 3CB00B4A25F2B51D002BB2A1 /* Assets.xcassets */; };
		3CB00B4E25F2B51D002BB2A1 /* LaunchScreen.storyboard in Resources */ = {isa = PBXBuildFile; fileRef = 3CB00B4C25F2B51D002BB2A1 /* LaunchScreen.storyboard */; };
		57E25FDA88B11122340E07B8 /* Pods_virtualTours.framework in Frameworks */ = {isa = PBXBuildFile; fileRef = 49ADCD781168685325D2C519 /* Pods_virtualTours.framework */; };
		787969D825F58C7900BDEFFD /* ARViewController.swift in Sources */ = {isa = PBXBuildFile; fileRef = 787969D725F58C7900BDEFFD /* ARViewController.swift */; };
		78E22475260AB3CA009E8992 /* LIViewController.swift in Sources */ = {isa = PBXBuildFile; fileRef = 78E22474260AB3CA009E8992 /* LIViewController.swift */; };
		78E2A6E12611756300136414 /* LandmarkInfo.swift in Sources */ = {isa = PBXBuildFile; fileRef = 78E2A6E02611756300136414 /* LandmarkInfo.swift */; };
		78E8DEAA260C17CE0059E321 /* LandmarkInfoLoader.swift in Sources */ = {isa = PBXBuildFile; fileRef = 78E8DEA9260C17CE0059E321 /* LandmarkInfoLoader.swift */; };
		78FF5F4725FF00EA000DD024 /* NearbyStore.swift in Sources */ = {isa = PBXBuildFile; fileRef = 78FF5F4625FF00E9000DD024 /* NearbyStore.swift */; };
		A0613E88260B2ECE00CE526F /* NotificationViewController.swift in Sources */ = {isa = PBXBuildFile; fileRef = A0613E87260B2ECE00CE526F /* NotificationViewController.swift */; };
		C745381D25FBDA5500D8399A /* LandmarkLoader.swift in Sources */ = {isa = PBXBuildFile; fileRef = C745381C25FBDA5500D8399A /* LandmarkLoader.swift */; };
		C745383525FBF5D900D8399A /* Landmark.swift in Sources */ = {isa = PBXBuildFile; fileRef = C745383425FBF5D900D8399A /* Landmark.swift */; };
		C774F201261E26F7002CC3B7 /* SettingsViewController.swift in Sources */ = {isa = PBXBuildFile; fileRef = C774F200261E26F7002CC3B7 /* SettingsViewController.swift */; };
/* End PBXBuildFile section */

/* Begin PBXFileReference section */
		2D9E03F33378EF6C32C59C5F /* Pods-virtualTours.debug.xcconfig */ = {isa = PBXFileReference; includeInIndex = 1; lastKnownFileType = text.xcconfig; name = "Pods-virtualTours.debug.xcconfig"; path = "Target Support Files/Pods-virtualTours/Pods-virtualTours.debug.xcconfig"; sourceTree = "<group>"; };
		371EC29C26236D5F00EF9A58 /* MapsVC.swift */ = {isa = PBXFileReference; lastKnownFileType = sourcecode.swift; path = MapsVC.swift; sourceTree = "<group>"; };
		3CB00B3E25F2B51C002BB2A1 /* virtualTours.app */ = {isa = PBXFileReference; explicitFileType = wrapper.application; includeInIndex = 0; path = virtualTours.app; sourceTree = BUILT_PRODUCTS_DIR; };
		3CB00B4125F2B51C002BB2A1 /* AppDelegate.swift */ = {isa = PBXFileReference; lastKnownFileType = sourcecode.swift; path = AppDelegate.swift; sourceTree = "<group>"; };
		3CB00B4325F2B51C002BB2A1 /* SceneDelegate.swift */ = {isa = PBXFileReference; lastKnownFileType = sourcecode.swift; path = SceneDelegate.swift; sourceTree = "<group>"; };
		3CB00B4825F2B51C002BB2A1 /* Base */ = {isa = PBXFileReference; lastKnownFileType = file.storyboard; name = Base; path = Base.lproj/Main.storyboard; sourceTree = "<group>"; };
		3CB00B4A25F2B51D002BB2A1 /* Assets.xcassets */ = {isa = PBXFileReference; lastKnownFileType = folder.assetcatalog; path = Assets.xcassets; sourceTree = "<group>"; };
		3CB00B4D25F2B51D002BB2A1 /* Base */ = {isa = PBXFileReference; lastKnownFileType = file.storyboard; name = Base; path = Base.lproj/LaunchScreen.storyboard; sourceTree = "<group>"; };
		3CB00B4F25F2B51D002BB2A1 /* Info.plist */ = {isa = PBXFileReference; lastKnownFileType = text.plist.xml; path = Info.plist; sourceTree = "<group>"; };
		49ADCD781168685325D2C519 /* Pods_virtualTours.framework */ = {isa = PBXFileReference; explicitFileType = wrapper.framework; includeInIndex = 0; path = Pods_virtualTours.framework; sourceTree = BUILT_PRODUCTS_DIR; };
		6787CFE75D3F754EECE62AAB /* Pods-virtualTours.release.xcconfig */ = {isa = PBXFileReference; includeInIndex = 1; lastKnownFileType = text.xcconfig; name = "Pods-virtualTours.release.xcconfig"; path = "Target Support Files/Pods-virtualTours/Pods-virtualTours.release.xcconfig"; sourceTree = "<group>"; };
		787969D725F58C7900BDEFFD /* ARViewController.swift */ = {isa = PBXFileReference; lastKnownFileType = sourcecode.swift; path = ARViewController.swift; sourceTree = "<group>"; };
		78E22474260AB3CA009E8992 /* LIViewController.swift */ = {isa = PBXFileReference; lastKnownFileType = sourcecode.swift; path = LIViewController.swift; sourceTree = "<group>"; };
		78E2A6E02611756300136414 /* LandmarkInfo.swift */ = {isa = PBXFileReference; lastKnownFileType = sourcecode.swift; path = LandmarkInfo.swift; sourceTree = "<group>"; };
		78E8DEA9260C17CE0059E321 /* LandmarkInfoLoader.swift */ = {isa = PBXFileReference; lastKnownFileType = sourcecode.swift; path = LandmarkInfoLoader.swift; sourceTree = "<group>"; };
		78FF5F4625FF00E9000DD024 /* NearbyStore.swift */ = {isa = PBXFileReference; lastKnownFileType = sourcecode.swift; path = NearbyStore.swift; sourceTree = "<group>"; };
		A0613E87260B2ECE00CE526F /* NotificationViewController.swift */ = {isa = PBXFileReference; lastKnownFileType = sourcecode.swift; path = NotificationViewController.swift; sourceTree = "<group>"; };
		C745381C25FBDA5500D8399A /* LandmarkLoader.swift */ = {isa = PBXFileReference; lastKnownFileType = sourcecode.swift; path = LandmarkLoader.swift; sourceTree = "<group>"; };
		C745383425FBF5D900D8399A /* Landmark.swift */ = {isa = PBXFileReference; lastKnownFileType = sourcecode.swift; path = Landmark.swift; sourceTree = "<group>"; };
		C774F200261E26F7002CC3B7 /* SettingsViewController.swift */ = {isa = PBXFileReference; lastKnownFileType = sourcecode.swift; path = SettingsViewController.swift; sourceTree = "<group>"; };
/* End PBXFileReference section */

/* Begin PBXFrameworksBuildPhase section */
		3CB00B3B25F2B51C002BB2A1 /* Frameworks */ = {
			isa = PBXFrameworksBuildPhase;
			buildActionMask = 2147483647;
			files = (
				57E25FDA88B11122340E07B8 /* Pods_virtualTours.framework in Frameworks */,
			);
			runOnlyForDeploymentPostprocessing = 0;
		};
/* End PBXFrameworksBuildPhase section */

/* Begin PBXGroup section */
		2AFDA70B35EB0FFB06CA744A /* Pods */ = {
			isa = PBXGroup;
			children = (
				2D9E03F33378EF6C32C59C5F /* Pods-virtualTours.debug.xcconfig */,
				6787CFE75D3F754EECE62AAB /* Pods-virtualTours.release.xcconfig */,
			);
			path = Pods;
			sourceTree = "<group>";
		};
		3CB00B3525F2B51C002BB2A1 = {
			isa = PBXGroup;
			children = (
				3CB00B4025F2B51C002BB2A1 /* virtualTours */,
				3CB00B3F25F2B51C002BB2A1 /* Products */,
				2AFDA70B35EB0FFB06CA744A /* Pods */,
				FA4F8F0E93C468FDA97C7A8D /* Frameworks */,
			);
			sourceTree = "<group>";
		};
		3CB00B3F25F2B51C002BB2A1 /* Products */ = {
			isa = PBXGroup;
			children = (
				3CB00B3E25F2B51C002BB2A1 /* virtualTours.app */,
			);
			name = Products;
			sourceTree = "<group>";
		};
		3CB00B4025F2B51C002BB2A1 /* virtualTours */ = {
			isa = PBXGroup;
			children = (
				3CB00B4125F2B51C002BB2A1 /* AppDelegate.swift */,
				3CB00B4325F2B51C002BB2A1 /* SceneDelegate.swift */,
				78FF5F4625FF00E9000DD024 /* NearbyStore.swift */,
				3CB00B4725F2B51C002BB2A1 /* Main.storyboard */,
				3CB00B4A25F2B51D002BB2A1 /* Assets.xcassets */,
				3CB00B4C25F2B51D002BB2A1 /* LaunchScreen.storyboard */,
				3CB00B4F25F2B51D002BB2A1 /* Info.plist */,
				787969D725F58C7900BDEFFD /* ARViewController.swift */,
				A0613E87260B2ECE00CE526F /* NotificationViewController.swift */,
				C745381C25FBDA5500D8399A /* LandmarkLoader.swift */,
				C745383425FBF5D900D8399A /* Landmark.swift */,
				78E22474260AB3CA009E8992 /* LIViewController.swift */,
				78E8DEA9260C17CE0059E321 /* LandmarkInfoLoader.swift */,
				78E2A6E02611756300136414 /* LandmarkInfo.swift */,
				C774F200261E26F7002CC3B7 /* SettingsViewController.swift */,
				371EC29C26236D5F00EF9A58 /* MapsVC.swift */,
			);
			path = virtualTours;
			sourceTree = "<group>";
		};
		FA4F8F0E93C468FDA97C7A8D /* Frameworks */ = {
			isa = PBXGroup;
			children = (
				49ADCD781168685325D2C519 /* Pods_virtualTours.framework */,
			);
			name = Frameworks;
			sourceTree = "<group>";
		};
/* End PBXGroup section */

/* Begin PBXNativeTarget section */
		3CB00B3D25F2B51C002BB2A1 /* virtualTours */ = {
			isa = PBXNativeTarget;
			buildConfigurationList = 3CB00B5225F2B51D002BB2A1 /* Build configuration list for PBXNativeTarget "virtualTours" */;
			buildPhases = (
				EFBE0C111BB211658C7C43D6 /* [CP] Check Pods Manifest.lock */,
				3CB00B3A25F2B51C002BB2A1 /* Sources */,
				3CB00B3B25F2B51C002BB2A1 /* Frameworks */,
				3CB00B3C25F2B51C002BB2A1 /* Resources */,
				1BC11A0758B8F5595B5B40BD /* [CP] Embed Pods Frameworks */,
				7D6806BFA10E9C65998BEAA4 /* [CP] Copy Pods Resources */,
			);
			buildRules = (
			);
			dependencies = (
			);
			name = virtualTours;
			productName = virtualTours;
			productReference = 3CB00B3E25F2B51C002BB2A1 /* virtualTours.app */;
			productType = "com.apple.product-type.application";
		};
/* End PBXNativeTarget section */

/* Begin PBXProject section */
		3CB00B3625F2B51C002BB2A1 /* Project object */ = {
			isa = PBXProject;
			attributes = {
				LastSwiftUpdateCheck = 1240;
				LastUpgradeCheck = 1240;
				TargetAttributes = {
					3CB00B3D25F2B51C002BB2A1 = {
						CreatedOnToolsVersion = 12.4;
					};
				};
			};
			buildConfigurationList = 3CB00B3925F2B51C002BB2A1 /* Build configuration list for PBXProject "virtualTours" */;
			compatibilityVersion = "Xcode 9.3";
			developmentRegion = en;
			hasScannedForEncodings = 0;
			knownRegions = (
				en,
				Base,
			);
			mainGroup = 3CB00B3525F2B51C002BB2A1;
			productRefGroup = 3CB00B3F25F2B51C002BB2A1 /* Products */;
			projectDirPath = "";
			projectRoot = "";
			targets = (
				3CB00B3D25F2B51C002BB2A1 /* virtualTours */,
			);
		};
/* End PBXProject section */

/* Begin PBXResourcesBuildPhase section */
		3CB00B3C25F2B51C002BB2A1 /* Resources */ = {
			isa = PBXResourcesBuildPhase;
			buildActionMask = 2147483647;
			files = (
				3CB00B4E25F2B51D002BB2A1 /* LaunchScreen.storyboard in Resources */,
				3CB00B4B25F2B51D002BB2A1 /* Assets.xcassets in Resources */,
				3CB00B4925F2B51C002BB2A1 /* Main.storyboard in Resources */,
			);
			runOnlyForDeploymentPostprocessing = 0;
		};
/* End PBXResourcesBuildPhase section */

/* Begin PBXShellScriptBuildPhase section */
		1BC11A0758B8F5595B5B40BD /* [CP] Embed Pods Frameworks */ = {
			isa = PBXShellScriptBuildPhase;
			buildActionMask = 2147483647;
			files = (
			);
			inputFileListPaths = (
				"${PODS_ROOT}/Target Support Files/Pods-virtualTours/Pods-virtualTours-frameworks-${CONFIGURATION}-input-files.xcfilelist",
			);
			name = "[CP] Embed Pods Frameworks";
			outputFileListPaths = (
				"${PODS_ROOT}/Target Support Files/Pods-virtualTours/Pods-virtualTours-frameworks-${CONFIGURATION}-output-files.xcfilelist",
			);
			runOnlyForDeploymentPostprocessing = 0;
			shellPath = /bin/sh;
			shellScript = "\"${PODS_ROOT}/Target Support Files/Pods-virtualTours/Pods-virtualTours-frameworks.sh\"\n";
			showEnvVarsInLog = 0;
		};
		7D6806BFA10E9C65998BEAA4 /* [CP] Copy Pods Resources */ = {
			isa = PBXShellScriptBuildPhase;
			buildActionMask = 2147483647;
			files = (
			);
			inputFileListPaths = (
				"${PODS_ROOT}/Target Support Files/Pods-virtualTours/Pods-virtualTours-resources-${CONFIGURATION}-input-files.xcfilelist",
			);
			name = "[CP] Copy Pods Resources";
			outputFileListPaths = (
				"${PODS_ROOT}/Target Support Files/Pods-virtualTours/Pods-virtualTours-resources-${CONFIGURATION}-output-files.xcfilelist",
			);
			runOnlyForDeploymentPostprocessing = 0;
			shellPath = /bin/sh;
			shellScript = "\"${PODS_ROOT}/Target Support Files/Pods-virtualTours/Pods-virtualTours-resources.sh\"\n";
			showEnvVarsInLog = 0;
		};
		EFBE0C111BB211658C7C43D6 /* [CP] Check Pods Manifest.lock */ = {
			isa = PBXShellScriptBuildPhase;
			buildActionMask = 2147483647;
			files = (
			);
			inputFileListPaths = (
			);
			inputPaths = (
				"${PODS_PODFILE_DIR_PATH}/Podfile.lock",
				"${PODS_ROOT}/Manifest.lock",
			);
			name = "[CP] Check Pods Manifest.lock";
			outputFileListPaths = (
			);
			outputPaths = (
				"$(DERIVED_FILE_DIR)/Pods-virtualTours-checkManifestLockResult.txt",
			);
			runOnlyForDeploymentPostprocessing = 0;
			shellPath = /bin/sh;
			shellScript = "diff \"${PODS_PODFILE_DIR_PATH}/Podfile.lock\" \"${PODS_ROOT}/Manifest.lock\" > /dev/null\nif [ $? != 0 ] ; then\n    # print error to STDERR\n    echo \"error: The sandbox is not in sync with the Podfile.lock. Run 'pod install' or update your CocoaPods installation.\" >&2\n    exit 1\nfi\n# This output is used by Xcode 'outputs' to avoid re-running this script phase.\necho \"SUCCESS\" > \"${SCRIPT_OUTPUT_FILE_0}\"\n";
			showEnvVarsInLog = 0;
		};
/* End PBXShellScriptBuildPhase section */

/* Begin PBXSourcesBuildPhase section */
		3CB00B3A25F2B51C002BB2A1 /* Sources */ = {
			isa = PBXSourcesBuildPhase;
			buildActionMask = 2147483647;
			files = (
				C745383525FBF5D900D8399A /* Landmark.swift in Sources */,
				78FF5F4725FF00EA000DD024 /* NearbyStore.swift in Sources */,
				C774F201261E26F7002CC3B7 /* SettingsViewController.swift in Sources */,
				C745381D25FBDA5500D8399A /* LandmarkLoader.swift in Sources */,
				78E2A6E12611756300136414 /* LandmarkInfo.swift in Sources */,
				371EC29D26236D5F00EF9A58 /* MapsVC.swift in Sources */,
				3CB00B4225F2B51C002BB2A1 /* AppDelegate.swift in Sources */,
				A0613E88260B2ECE00CE526F /* NotificationViewController.swift in Sources */,
				78E22475260AB3CA009E8992 /* LIViewController.swift in Sources */,
				78E8DEAA260C17CE0059E321 /* LandmarkInfoLoader.swift in Sources */,
				3CB00B4425F2B51C002BB2A1 /* SceneDelegate.swift in Sources */,
				787969D825F58C7900BDEFFD /* ARViewController.swift in Sources */,
			);
			runOnlyForDeploymentPostprocessing = 0;
		};
/* End PBXSourcesBuildPhase section */

/* Begin PBXVariantGroup section */
		3CB00B4725F2B51C002BB2A1 /* Main.storyboard */ = {
			isa = PBXVariantGroup;
			children = (
				3CB00B4825F2B51C002BB2A1 /* Base */,
			);
			name = Main.storyboard;
			sourceTree = "<group>";
		};
		3CB00B4C25F2B51D002BB2A1 /* LaunchScreen.storyboard */ = {
			isa = PBXVariantGroup;
			children = (
				3CB00B4D25F2B51D002BB2A1 /* Base */,
			);
			name = LaunchScreen.storyboard;
			sourceTree = "<group>";
		};
/* End PBXVariantGroup section */

/* Begin XCBuildConfiguration section */
		3CB00B5025F2B51D002BB2A1 /* Debug */ = {
			isa = XCBuildConfiguration;
			buildSettings = {
				ALWAYS_SEARCH_USER_PATHS = NO;
				CLANG_ANALYZER_NONNULL = YES;
				CLANG_ANALYZER_NUMBER_OBJECT_CONVERSION = YES_AGGRESSIVE;
				CLANG_CXX_LANGUAGE_STANDARD = "gnu++14";
				CLANG_CXX_LIBRARY = "libc++";
				CLANG_ENABLE_MODULES = YES;
				CLANG_ENABLE_OBJC_ARC = YES;
				CLANG_ENABLE_OBJC_WEAK = YES;
				CLANG_WARN_BLOCK_CAPTURE_AUTORELEASING = YES;
				CLANG_WARN_BOOL_CONVERSION = YES;
				CLANG_WARN_COMMA = YES;
				CLANG_WARN_CONSTANT_CONVERSION = YES;
				CLANG_WARN_DEPRECATED_OBJC_IMPLEMENTATIONS = YES;
				CLANG_WARN_DIRECT_OBJC_ISA_USAGE = YES_ERROR;
				CLANG_WARN_DOCUMENTATION_COMMENTS = YES;
				CLANG_WARN_EMPTY_BODY = YES;
				CLANG_WARN_ENUM_CONVERSION = YES;
				CLANG_WARN_INFINITE_RECURSION = YES;
				CLANG_WARN_INT_CONVERSION = YES;
				CLANG_WARN_NON_LITERAL_NULL_CONVERSION = YES;
				CLANG_WARN_OBJC_IMPLICIT_RETAIN_SELF = YES;
				CLANG_WARN_OBJC_LITERAL_CONVERSION = YES;
				CLANG_WARN_OBJC_ROOT_CLASS = YES_ERROR;
				CLANG_WARN_QUOTED_INCLUDE_IN_FRAMEWORK_HEADER = YES;
				CLANG_WARN_RANGE_LOOP_ANALYSIS = YES;
				CLANG_WARN_STRICT_PROTOTYPES = YES;
				CLANG_WARN_SUSPICIOUS_MOVE = YES;
				CLANG_WARN_UNGUARDED_AVAILABILITY = YES_AGGRESSIVE;
				CLANG_WARN_UNREACHABLE_CODE = YES;
				CLANG_WARN__DUPLICATE_METHOD_MATCH = YES;
				COPY_PHASE_STRIP = NO;
				DEBUG_INFORMATION_FORMAT = dwarf;
				ENABLE_STRICT_OBJC_MSGSEND = YES;
				ENABLE_TESTABILITY = YES;
				GCC_C_LANGUAGE_STANDARD = gnu11;
				GCC_DYNAMIC_NO_PIC = NO;
				GCC_NO_COMMON_BLOCKS = YES;
				GCC_OPTIMIZATION_LEVEL = 0;
				GCC_PREPROCESSOR_DEFINITIONS = (
					"DEBUG=1",
					"$(inherited)",
				);
				GCC_WARN_64_TO_32_BIT_CONVERSION = YES;
				GCC_WARN_ABOUT_RETURN_TYPE = YES_ERROR;
				GCC_WARN_UNDECLARED_SELECTOR = YES;
				GCC_WARN_UNINITIALIZED_AUTOS = YES_AGGRESSIVE;
				GCC_WARN_UNUSED_FUNCTION = YES;
				GCC_WARN_UNUSED_VARIABLE = YES;
				IPHONEOS_DEPLOYMENT_TARGET = 14.4;
				MTL_ENABLE_DEBUG_INFO = INCLUDE_SOURCE;
				MTL_FAST_MATH = YES;
				ONLY_ACTIVE_ARCH = YES;
				SDKROOT = iphoneos;
				SWIFT_ACTIVE_COMPILATION_CONDITIONS = DEBUG;
				SWIFT_OPTIMIZATION_LEVEL = "-Onone";
			};
			name = Debug;
		};
		3CB00B5125F2B51D002BB2A1 /* Release */ = {
			isa = XCBuildConfiguration;
			buildSettings = {
				ALWAYS_SEARCH_USER_PATHS = NO;
				CLANG_ANALYZER_NONNULL = YES;
				CLANG_ANALYZER_NUMBER_OBJECT_CONVERSION = YES_AGGRESSIVE;
				CLANG_CXX_LANGUAGE_STANDARD = "gnu++14";
				CLANG_CXX_LIBRARY = "libc++";
				CLANG_ENABLE_MODULES = YES;
				CLANG_ENABLE_OBJC_ARC = YES;
				CLANG_ENABLE_OBJC_WEAK = YES;
				CLANG_WARN_BLOCK_CAPTURE_AUTORELEASING = YES;
				CLANG_WARN_BOOL_CONVERSION = YES;
				CLANG_WARN_COMMA = YES;
				CLANG_WARN_CONSTANT_CONVERSION = YES;
				CLANG_WARN_DEPRECATED_OBJC_IMPLEMENTATIONS = YES;
				CLANG_WARN_DIRECT_OBJC_ISA_USAGE = YES_ERROR;
				CLANG_WARN_DOCUMENTATION_COMMENTS = YES;
				CLANG_WARN_EMPTY_BODY = YES;
				CLANG_WARN_ENUM_CONVERSION = YES;
				CLANG_WARN_INFINITE_RECURSION = YES;
				CLANG_WARN_INT_CONVERSION = YES;
				CLANG_WARN_NON_LITERAL_NULL_CONVERSION = YES;
				CLANG_WARN_OBJC_IMPLICIT_RETAIN_SELF = YES;
				CLANG_WARN_OBJC_LITERAL_CONVERSION = YES;
				CLANG_WARN_OBJC_ROOT_CLASS = YES_ERROR;
				CLANG_WARN_QUOTED_INCLUDE_IN_FRAMEWORK_HEADER = YES;
				CLANG_WARN_RANGE_LOOP_ANALYSIS = YES;
				CLANG_WARN_STRICT_PROTOTYPES = YES;
				CLANG_WARN_SUSPICIOUS_MOVE = YES;
				CLANG_WARN_UNGUARDED_AVAILABILITY = YES_AGGRESSIVE;
				CLANG_WARN_UNREACHABLE_CODE = YES;
				CLANG_WARN__DUPLICATE_METHOD_MATCH = YES;
				COPY_PHASE_STRIP = NO;
				DEBUG_INFORMATION_FORMAT = "dwarf-with-dsym";
				ENABLE_NS_ASSERTIONS = NO;
				ENABLE_STRICT_OBJC_MSGSEND = YES;
				GCC_C_LANGUAGE_STANDARD = gnu11;
				GCC_NO_COMMON_BLOCKS = YES;
				GCC_WARN_64_TO_32_BIT_CONVERSION = YES;
				GCC_WARN_ABOUT_RETURN_TYPE = YES_ERROR;
				GCC_WARN_UNDECLARED_SELECTOR = YES;
				GCC_WARN_UNINITIALIZED_AUTOS = YES_AGGRESSIVE;
				GCC_WARN_UNUSED_FUNCTION = YES;
				GCC_WARN_UNUSED_VARIABLE = YES;
				IPHONEOS_DEPLOYMENT_TARGET = 14.4;
				MTL_ENABLE_DEBUG_INFO = NO;
				MTL_FAST_MATH = YES;
				SDKROOT = iphoneos;
				SWIFT_COMPILATION_MODE = wholemodule;
				SWIFT_OPTIMIZATION_LEVEL = "-O";
				VALIDATE_PRODUCT = YES;
			};
			name = Release;
		};
		3CB00B5325F2B51D002BB2A1 /* Debug */ = {
			isa = XCBuildConfiguration;
			baseConfigurationReference = 2D9E03F33378EF6C32C59C5F /* Pods-virtualTours.debug.xcconfig */;
			buildSettings = {
				ASSETCATALOG_COMPILER_APPICON_NAME = AppIcon;
				ASSETCATALOG_COMPILER_GLOBAL_ACCENT_COLOR_NAME = AccentColor;
				CODE_SIGN_STYLE = Automatic;
				DEVELOPMENT_TEAM = 9U6347S47E;
				INFOPLIST_FILE = virtualTours/Info.plist;
				LD_RUNPATH_SEARCH_PATHS = (
					"$(inherited)",
					"@executable_path/Frameworks",
				);
				PRODUCT_BUNDLE_IDENTIFIER = edu.umich.ramagyar.virtualTouringapp2;
				PRODUCT_NAME = "$(TARGET_NAME)";
				SWIFT_VERSION = 5.0;
				TARGETED_DEVICE_FAMILY = "1,2";
			};
			name = Debug;
		};
		3CB00B5425F2B51D002BB2A1 /* Release */ = {
			isa = XCBuildConfiguration;
			baseConfigurationReference = 6787CFE75D3F754EECE62AAB /* Pods-virtualTours.release.xcconfig */;
			buildSettings = {
				ASSETCATALOG_COMPILER_APPICON_NAME = AppIcon;
				ASSETCATALOG_COMPILER_GLOBAL_ACCENT_COLOR_NAME = AccentColor;
				CODE_SIGN_STYLE = Automatic;
				DEVELOPMENT_TEAM = 9U6347S47E;
				INFOPLIST_FILE = virtualTours/Info.plist;
				LD_RUNPATH_SEARCH_PATHS = (
					"$(inherited)",
					"@executable_path/Frameworks",
				);
				PRODUCT_BUNDLE_IDENTIFIER = edu.umich.ramagyar.virtualToursingapp2;
				PRODUCT_NAME = "$(TARGET_NAME)";
				SWIFT_VERSION = 5.0;
				TARGETED_DEVICE_FAMILY = "1,2";
			};
			name = Release;
		};
/* End XCBuildConfiguration section */

/* Begin XCConfigurationList section */
		3CB00B3925F2B51C002BB2A1 /* Build configuration list for PBXProject "virtualTours" */ = {
			isa = XCConfigurationList;
			buildConfigurations = (
				3CB00B5025F2B51D002BB2A1 /* Debug */,
				3CB00B5125F2B51D002BB2A1 /* Release */,
			);
			defaultConfigurationIsVisible = 0;
			defaultConfigurationName = Release;
		};
		3CB00B5225F2B51D002BB2A1 /* Build configuration list for PBXNativeTarget "virtualTours" */ = {
			isa = XCConfigurationList;
			buildConfigurations = (
				3CB00B5325F2B51D002BB2A1 /* Debug */,
				3CB00B5425F2B51D002BB2A1 /* Release */,
			);
			defaultConfigurationIsVisible = 0;
			defaultConfigurationName = Release;
		};
/* End XCConfigurationList section */
	};
	rootObject = 3CB00B3625F2B51C002BB2A1 /* Project object */;
}
